
Microsoft Visual Studio Solution File, Format Version 12.00
# Visual Studio Version 16
VisualStudioVersion = 16.0.30320.27
MinimumVisualStudioVersion = 10.0.40219.1
Project("{FAE04EC0-301F-11D3-BF4B-00C04F79EFBC}") = "Lesson1", "Lesson1\Lesson1.csproj", "{B9571D90-6E40-4A6A-BED7-2DA926B7B862}"
EndProject
Project("{FAE04EC0-301F-11D3-BF4B-00C04F79EFBC}") = "Lesson2", "Lesson2\Lesson2.csproj", "{BE552C57-06FC-4BA0-B4EF-48616135E8A3}"
EndProject
Project("{FAE04EC0-301F-11D3-BF4B-00C04F79EFBC}") = "Lesson3", "Lesson3\Lesson3.csproj", "{74D1E6CC-9A21-477A-92A2-78B9510C829C}"
EndProject
Project("{FAE04EC0-301F-11D3-BF4B-00C04F79EFBC}") = "Lesson4", "Lesson4\Lesson4.csproj", "{38063B15-56BC-4D08-88DC-E56B62F81554}"
EndProject
Project("{FAE04EC0-301F-11D3-BF4B-00C04F79EFBC}") = "Lesson5", "Lesson5\Lesson5.csproj", "{1E55523B-B2A3-443E-ABD1-4F58005E7E63}"
EndProject
Global
	GlobalSection(SolutionConfigurationPlatforms) = preSolution
		Debug|Any CPU = Debug|Any CPU
		Release|Any CPU = Release|Any CPU
	EndGlobalSection
	GlobalSection(ProjectConfigurationPlatforms) = postSolution
		{B9571D90-6E40-4A6A-BED7-2DA926B7B862}.Debug|Any CPU.ActiveCfg = Debug|Any CPU
		{B9571D90-6E40-4A6A-BED7-2DA926B7B862}.Debug|Any CPU.Build.0 = Debug|Any CPU
		{B9571D90-6E40-4A6A-BED7-2DA926B7B862}.Release|Any CPU.ActiveCfg = Release|Any CPU
		{B9571D90-6E40-4A6A-BED7-2DA926B7B862}.Release|Any CPU.Build.0 = Release|Any CPU
		{BE552C57-06FC-4BA0-B4EF-48616135E8A3}.Debug|Any CPU.ActiveCfg = Debug|Any CPU
		{BE552C57-06FC-4BA0-B4EF-48616135E8A3}.Debug|Any CPU.Build.0 = Debug|Any CPU
		{BE552C57-06FC-4BA0-B4EF-48616135E8A3}.Release|Any CPU.ActiveCfg = Release|Any CPU
		{BE552C57-06FC-4BA0-B4EF-48616135E8A3}.Release|Any CPU.Build.0 = Release|Any CPU
		{74D1E6CC-9A21-477A-92A2-78B9510C829C}.Debug|Any CPU.ActiveCfg = Debug|Any CPU
		{74D1E6CC-9A21-477A-92A2-78B9510C829C}.Debug|Any CPU.Build.0 = Debug|Any CPU
		{74D1E6CC-9A21-477A-92A2-78B9510C829C}.Release|Any CPU.ActiveCfg = Release|Any CPU
		{74D1E6CC-9A21-477A-92A2-78B9510C829C}.Release|Any CPU.Build.0 = Release|Any CPU
		{38063B15-56BC-4D08-88DC-E56B62F81554}.Debug|Any CPU.ActiveCfg = Debug|Any CPU
		{38063B15-56BC-4D08-88DC-E56B62F81554}.Debug|Any CPU.Build.0 = Debug|Any CPU
		{38063B15-56BC-4D08-88DC-E56B62F81554}.Release|Any CPU.ActiveCfg = Release|Any CPU
		{38063B15-56BC-4D08-88DC-E56B62F81554}.Release|Any CPU.Build.0 = Release|Any CPU
		{1E55523B-B2A3-443E-ABD1-4F58005E7E63}.Debug|Any CPU.ActiveCfg = Debug|Any CPU
		{1E55523B-B2A3-443E-ABD1-4F58005E7E63}.Debug|Any CPU.Build.0 = Debug|Any CPU
		{1E55523B-B2A3-443E-ABD1-4F58005E7E63}.Release|Any CPU.ActiveCfg = Release|Any CPU
		{1E55523B-B2A3-443E-ABD1-4F58005E7E63}.Release|Any CPU.Build.0 = Release|Any CPU
	EndGlobalSection
	GlobalSection(SolutionProperties) = preSolution
		HideSolutionNode = FALSE
	EndGlobalSection
	GlobalSection(ExtensibilityGlobals) = postSolution
		SolutionGuid = {1DD2C870-2D29-4192-86B9-426948F882E0}
	EndGlobalSection
EndGlobal
